// !$*UTF8*$!
{
	archiveVersion = 1;
	classes = {
	};
	objectVersion = 46;
	objects = {

/* Begin PBXBuildFile section */
		18F0AEDA8CC12F5CEF440AE8 /* Pods_JibjibTests.framework in Frameworks */ = {isa = PBXBuildFile; fileRef = B2478102FAC52708F6503251 /* Pods_JibjibTests.framework */; };
		99AE9E1A1CE463F300D9F4FC /* ProfileTableViewController.swift in Sources */ = {isa = PBXBuildFile; fileRef = 99AE9E191CE463F300D9F4FC /* ProfileTableViewController.swift */; };
		99AE9E1C1CE4729E00D9F4FC /* TestStoryboard.storyboard in Resources */ = {isa = PBXBuildFile; fileRef = 99AE9E1B1CE4729E00D9F4FC /* TestStoryboard.storyboard */; };
		99AE9E1E1CE654AF00D9F4FC /* HeaderProfileTableViewCell.swift in Sources */ = {isa = PBXBuildFile; fileRef = 99AE9E1D1CE654AF00D9F4FC /* HeaderProfileTableViewCell.swift */; };
		99AE9E211CE65BD600D9F4FC /* CommentProfileTableViewCell.swift in Sources */ = {isa = PBXBuildFile; fileRef = 99AE9E201CE65BD600D9F4FC /* CommentProfileTableViewCell.swift */; };
		99AE9E251CE718AF00D9F4FC /* ViewTranslationTableViewController.swift in Sources */ = {isa = PBXBuildFile; fileRef = 99AE9E241CE718AF00D9F4FC /* ViewTranslationTableViewController.swift */; };
		99AE9E2A1CE71E1100D9F4FC /* HeaderTranslationTableViewCell.swift in Sources */ = {isa = PBXBuildFile; fileRef = 99AE9E291CE71E1100D9F4FC /* HeaderTranslationTableViewCell.swift */; };
		99AE9E2C1CE71E3E00D9F4FC /* AnswerTranslaTableViewCell.swift in Sources */ = {isa = PBXBuildFile; fileRef = 99AE9E2B1CE71E3E00D9F4FC /* AnswerTranslaTableViewCell.swift */; };
		99AE9E2E1CE71E7500D9F4FC /* PostAnswerTableViewCell.swift in Sources */ = {isa = PBXBuildFile; fileRef = 99AE9E2D1CE71E7500D9F4FC /* PostAnswerTableViewCell.swift */; };
		99AE9E311CE7278A00D9F4FC /* PaddingTextField.swift in Sources */ = {isa = PBXBuildFile; fileRef = 99AE9E301CE7278A00D9F4FC /* PaddingTextField.swift */; };
		99AE9E351CE72E1400D9F4FC /* PaddingLabel.swift in Sources */ = {isa = PBXBuildFile; fileRef = 99AE9E341CE72E1400D9F4FC /* PaddingLabel.swift */; };
		99AE9E371CE7346400D9F4FC /* RoundImageView.swift in Sources */ = {isa = PBXBuildFile; fileRef = 99AE9E361CE7346400D9F4FC /* RoundImageView.swift */; };
		99AE9E391CE7355500D9F4FC /* RoundWhiteBorderImageView.swift in Sources */ = {isa = PBXBuildFile; fileRef = 99AE9E381CE7355500D9F4FC /* RoundWhiteBorderImageView.swift */; };
		99AE9E3B1CE7378100D9F4FC /* CreateTranslationViewController.swift in Sources */ = {isa = PBXBuildFile; fileRef = 99AE9E3A1CE7378000D9F4FC /* CreateTranslationViewController.swift */; };
		99F0934B1CE83F8400EED0D7 /* BorderBottomUITextField.swift in Sources */ = {isa = PBXBuildFile; fileRef = 99F0934A1CE83F8400EED0D7 /* BorderBottomUITextField.swift */; };
		99F0934D1CE8526200EED0D7 /* Question.swift in Sources */ = {isa = PBXBuildFile; fileRef = 99F0934C1CE8526100EED0D7 /* Question.swift */; };
		CB2F83A81CD352A400A882E6 /* AppDelegate.swift in Sources */ = {isa = PBXBuildFile; fileRef = CB2F83A71CD352A400A882E6 /* AppDelegate.swift */; };
		CB2F83AF1CD352A400A882E6 /* Main.storyboard in Resources */ = {isa = PBXBuildFile; fileRef = CB2F83AD1CD352A400A882E6 /* Main.storyboard */; };
		CB2F83B11CD352A400A882E6 /* Assets.xcassets in Resources */ = {isa = PBXBuildFile; fileRef = CB2F83B01CD352A400A882E6 /* Assets.xcassets */; };
		CB2F83B41CD352A400A882E6 /* LaunchScreen.storyboard in Resources */ = {isa = PBXBuildFile; fileRef = CB2F83B21CD352A400A882E6 /* LaunchScreen.storyboard */; };
		CB2F83BF1CD352A400A882E6 /* JibjibTests.swift in Sources */ = {isa = PBXBuildFile; fileRef = CB2F83BE1CD352A400A882E6 /* JibjibTests.swift */; };
		CB2F83CA1CD352A400A882E6 /* JibjibUITests.swift in Sources */ = {isa = PBXBuildFile; fileRef = CB2F83C91CD352A400A882E6 /* JibjibUITests.swift */; };
		CB456EBB1CDC80A20021EF8A /* LoginViewController.swift in Sources */ = {isa = PBXBuildFile; fileRef = CB456EBA1CDC80A20021EF8A /* LoginViewController.swift */; };
		CB456EC71CDC827D0021EF8A /* FeedTableViewController.swift in Sources */ = {isa = PBXBuildFile; fileRef = CB456EC61CDC827D0021EF8A /* FeedTableViewController.swift */; };
		CB456EC91CDC82AA0021EF8A /* MyTopicTableViewController.swift in Sources */ = {isa = PBXBuildFile; fileRef = CB456EC81CDC82AA0021EF8A /* MyTopicTableViewController.swift */; };
		CB456ED11CDC84C80021EF8A /* TabBarController.swift in Sources */ = {isa = PBXBuildFile; fileRef = CB456ED01CDC84C80021EF8A /* TabBarController.swift */; };
		E3921BBDAAF3F1550BDAB262 /* Pods_JibjibUITests.framework in Frameworks */ = {isa = PBXBuildFile; fileRef = 776CBC946E70988E6174427C /* Pods_JibjibUITests.framework */; };
		F17C4C2E7AECBA1D382FB12B /* Pods_Jibjib.framework in Frameworks */ = {isa = PBXBuildFile; fileRef = CEA20A1C1953CF40ADD85224 /* Pods_Jibjib.framework */; };
/* End PBXBuildFile section */

/* Begin PBXContainerItemProxy section */
		CB2F83BB1CD352A400A882E6 /* PBXContainerItemProxy */ = {
			isa = PBXContainerItemProxy;
			containerPortal = CB2F839C1CD352A400A882E6 /* Project object */;
			proxyType = 1;
			remoteGlobalIDString = CB2F83A31CD352A400A882E6;
			remoteInfo = Jibjib;
		};
		CB2F83C61CD352A400A882E6 /* PBXContainerItemProxy */ = {
			isa = PBXContainerItemProxy;
			containerPortal = CB2F839C1CD352A400A882E6 /* Project object */;
			proxyType = 1;
			remoteGlobalIDString = CB2F83A31CD352A400A882E6;
			remoteInfo = Jibjib;
		};
/* End PBXContainerItemProxy section */

/* Begin PBXFileReference section */
		38071E747BE6D3A331AF0081 /* Pods-JibjibUITests.release.xcconfig */ = {isa = PBXFileReference; includeInIndex = 1; lastKnownFileType = text.xcconfig; name = "Pods-JibjibUITests.release.xcconfig"; path = "Pods/Target Support Files/Pods-JibjibUITests/Pods-JibjibUITests.release.xcconfig"; sourceTree = "<group>"; };
		776CBC946E70988E6174427C /* Pods_JibjibUITests.framework */ = {isa = PBXFileReference; explicitFileType = wrapper.framework; includeInIndex = 0; path = Pods_JibjibUITests.framework; sourceTree = BUILT_PRODUCTS_DIR; };
		97340F6C147D66C0A66CE74A /* Pods-JibjibTests.debug.xcconfig */ = {isa = PBXFileReference; includeInIndex = 1; lastKnownFileType = text.xcconfig; name = "Pods-JibjibTests.debug.xcconfig"; path = "Pods/Target Support Files/Pods-JibjibTests/Pods-JibjibTests.debug.xcconfig"; sourceTree = "<group>"; };
		99AE9E191CE463F300D9F4FC /* ProfileTableViewController.swift */ = {isa = PBXFileReference; fileEncoding = 4; lastKnownFileType = sourcecode.swift; name = ProfileTableViewController.swift; path = ../ProfileTableViewController.swift; sourceTree = "<group>"; };
		99AE9E1B1CE4729E00D9F4FC /* TestStoryboard.storyboard */ = {isa = PBXFileReference; fileEncoding = 4; lastKnownFileType = file.storyboard; path = TestStoryboard.storyboard; sourceTree = "<group>"; };
		99AE9E1D1CE654AF00D9F4FC /* HeaderProfileTableViewCell.swift */ = {isa = PBXFileReference; fileEncoding = 4; lastKnownFileType = sourcecode.swift; name = HeaderProfileTableViewCell.swift; path = ../HeaderProfileTableViewCell.swift; sourceTree = "<group>"; };
		99AE9E201CE65BD600D9F4FC /* CommentProfileTableViewCell.swift */ = {isa = PBXFileReference; fileEncoding = 4; lastKnownFileType = sourcecode.swift; name = CommentProfileTableViewCell.swift; path = ../CommentProfileTableViewCell.swift; sourceTree = "<group>"; };
		99AE9E241CE718AF00D9F4FC /* ViewTranslationTableViewController.swift */ = {isa = PBXFileReference; fileEncoding = 4; lastKnownFileType = sourcecode.swift; name = ViewTranslationTableViewController.swift; path = ../ViewTranslationTableViewController.swift; sourceTree = "<group>"; };
		99AE9E291CE71E1100D9F4FC /* HeaderTranslationTableViewCell.swift */ = {isa = PBXFileReference; fileEncoding = 4; lastKnownFileType = sourcecode.swift; path = HeaderTranslationTableViewCell.swift; sourceTree = "<group>"; };
		99AE9E2B1CE71E3E00D9F4FC /* AnswerTranslaTableViewCell.swift */ = {isa = PBXFileReference; fileEncoding = 4; lastKnownFileType = sourcecode.swift; path = AnswerTranslaTableViewCell.swift; sourceTree = "<group>"; };
		99AE9E2D1CE71E7500D9F4FC /* PostAnswerTableViewCell.swift */ = {isa = PBXFileReference; fileEncoding = 4; lastKnownFileType = sourcecode.swift; name = PostAnswerTableViewCell.swift; path = ../PostAnswerTableViewCell.swift; sourceTree = "<group>"; };
		99AE9E301CE7278A00D9F4FC /* PaddingTextField.swift */ = {isa = PBXFileReference; fileEncoding = 4; lastKnownFileType = sourcecode.swift; path = PaddingTextField.swift; sourceTree = "<group>"; };
		99AE9E341CE72E1400D9F4FC /* PaddingLabel.swift */ = {isa = PBXFileReference; fileEncoding = 4; lastKnownFileType = sourcecode.swift; path = PaddingLabel.swift; sourceTree = "<group>"; };
		99AE9E361CE7346400D9F4FC /* RoundImageView.swift */ = {isa = PBXFileReference; fileEncoding = 4; lastKnownFileType = sourcecode.swift; path = RoundImageView.swift; sourceTree = "<group>"; };
		99AE9E381CE7355500D9F4FC /* RoundWhiteBorderImageView.swift */ = {isa = PBXFileReference; fileEncoding = 4; lastKnownFileType = sourcecode.swift; path = RoundWhiteBorderImageView.swift; sourceTree = "<group>"; };
		99AE9E3A1CE7378000D9F4FC /* CreateTranslationViewController.swift */ = {isa = PBXFileReference; fileEncoding = 4; lastKnownFileType = sourcecode.swift; path = CreateTranslationViewController.swift; sourceTree = "<group>"; };
		99F093481CE75BD300EED0D7 /* Alamofire.framework */ = {isa = PBXFileReference; lastKnownFileType = wrapper.framework; name = Alamofire.framework; path = "Pods/../build/Debug-iphoneos/Alamofire/Alamofire.framework"; sourceTree = "<group>"; };
		99F0934A1CE83F8400EED0D7 /* BorderBottomUITextField.swift */ = {isa = PBXFileReference; fileEncoding = 4; lastKnownFileType = sourcecode.swift; path = BorderBottomUITextField.swift; sourceTree = "<group>"; };
		99F0934C1CE8526100EED0D7 /* Question.swift */ = {isa = PBXFileReference; fileEncoding = 4; lastKnownFileType = sourcecode.swift; path = Question.swift; sourceTree = "<group>"; };
		AB3DC1B9A482A680A19648C4 /* Pods-JibjibUITests.debug.xcconfig */ = {isa = PBXFileReference; includeInIndex = 1; lastKnownFileType = text.xcconfig; name = "Pods-JibjibUITests.debug.xcconfig"; path = "Pods/Target Support Files/Pods-JibjibUITests/Pods-JibjibUITests.debug.xcconfig"; sourceTree = "<group>"; };
		B2478102FAC52708F6503251 /* Pods_JibjibTests.framework */ = {isa = PBXFileReference; explicitFileType = wrapper.framework; includeInIndex = 0; path = Pods_JibjibTests.framework; sourceTree = BUILT_PRODUCTS_DIR; };
		B6EF8960ECC6489718665DDC /* Pods-JibjibTests.release.xcconfig */ = {isa = PBXFileReference; includeInIndex = 1; lastKnownFileType = text.xcconfig; name = "Pods-JibjibTests.release.xcconfig"; path = "Pods/Target Support Files/Pods-JibjibTests/Pods-JibjibTests.release.xcconfig"; sourceTree = "<group>"; };
		CB2F83A41CD352A400A882E6 /* Jibjib.app */ = {isa = PBXFileReference; explicitFileType = wrapper.application; includeInIndex = 0; path = Jibjib.app; sourceTree = BUILT_PRODUCTS_DIR; };
		CB2F83A71CD352A400A882E6 /* AppDelegate.swift */ = {isa = PBXFileReference; lastKnownFileType = sourcecode.swift; path = AppDelegate.swift; sourceTree = "<group>"; };
		CB2F83AE1CD352A400A882E6 /* Base */ = {isa = PBXFileReference; lastKnownFileType = file.storyboard; name = Base; path = Base.lproj/Main.storyboard; sourceTree = "<group>"; };
		CB2F83B01CD352A400A882E6 /* Assets.xcassets */ = {isa = PBXFileReference; lastKnownFileType = folder.assetcatalog; path = Assets.xcassets; sourceTree = "<group>"; };
		CB2F83B31CD352A400A882E6 /* Base */ = {isa = PBXFileReference; lastKnownFileType = file.storyboard; name = Base; path = Base.lproj/LaunchScreen.storyboard; sourceTree = "<group>"; };
		CB2F83B51CD352A400A882E6 /* Info.plist */ = {isa = PBXFileReference; lastKnownFileType = text.plist.xml; path = Info.plist; sourceTree = "<group>"; };
		CB2F83BA1CD352A400A882E6 /* JibjibTests.xctest */ = {isa = PBXFileReference; explicitFileType = wrapper.cfbundle; includeInIndex = 0; path = JibjibTests.xctest; sourceTree = BUILT_PRODUCTS_DIR; };
		CB2F83BE1CD352A400A882E6 /* JibjibTests.swift */ = {isa = PBXFileReference; lastKnownFileType = sourcecode.swift; path = JibjibTests.swift; sourceTree = "<group>"; };
		CB2F83C01CD352A400A882E6 /* Info.plist */ = {isa = PBXFileReference; lastKnownFileType = text.plist.xml; path = Info.plist; sourceTree = "<group>"; };
		CB2F83C51CD352A400A882E6 /* JibjibUITests.xctest */ = {isa = PBXFileReference; explicitFileType = wrapper.cfbundle; includeInIndex = 0; path = JibjibUITests.xctest; sourceTree = BUILT_PRODUCTS_DIR; };
		CB2F83C91CD352A400A882E6 /* JibjibUITests.swift */ = {isa = PBXFileReference; lastKnownFileType = sourcecode.swift; path = JibjibUITests.swift; sourceTree = "<group>"; };
		CB2F83CB1CD352A400A882E6 /* Info.plist */ = {isa = PBXFileReference; lastKnownFileType = text.plist.xml; path = Info.plist; sourceTree = "<group>"; };
		CB456EBA1CDC80A20021EF8A /* LoginViewController.swift */ = {isa = PBXFileReference; fileEncoding = 4; lastKnownFileType = sourcecode.swift; path = LoginViewController.swift; sourceTree = "<group>"; };
		CB456EC61CDC827D0021EF8A /* FeedTableViewController.swift */ = {isa = PBXFileReference; fileEncoding = 4; lastKnownFileType = sourcecode.swift; path = FeedTableViewController.swift; sourceTree = "<group>"; };
		CB456EC81CDC82AA0021EF8A /* MyTopicTableViewController.swift */ = {isa = PBXFileReference; fileEncoding = 4; lastKnownFileType = sourcecode.swift; path = MyTopicTableViewController.swift; sourceTree = "<group>"; };
		CB456ED01CDC84C80021EF8A /* TabBarController.swift */ = {isa = PBXFileReference; fileEncoding = 4; lastKnownFileType = sourcecode.swift; path = TabBarController.swift; sourceTree = "<group>"; };
		CEA20A1C1953CF40ADD85224 /* Pods_Jibjib.framework */ = {isa = PBXFileReference; explicitFileType = wrapper.framework; includeInIndex = 0; path = Pods_Jibjib.framework; sourceTree = BUILT_PRODUCTS_DIR; };
		D652113C993958EA117E5726 /* Pods-Jibjib.release.xcconfig */ = {isa = PBXFileReference; includeInIndex = 1; lastKnownFileType = text.xcconfig; name = "Pods-Jibjib.release.xcconfig"; path = "Pods/Target Support Files/Pods-Jibjib/Pods-Jibjib.release.xcconfig"; sourceTree = "<group>"; };
		DC5867D0874E1438168EA121 /* Pods-Jibjib.debug.xcconfig */ = {isa = PBXFileReference; includeInIndex = 1; lastKnownFileType = text.xcconfig; name = "Pods-Jibjib.debug.xcconfig"; path = "Pods/Target Support Files/Pods-Jibjib/Pods-Jibjib.debug.xcconfig"; sourceTree = "<group>"; };
/* End PBXFileReference section */

/* Begin PBXFrameworksBuildPhase section */
		CB2F83A11CD352A400A882E6 /* Frameworks */ = {
			isa = PBXFrameworksBuildPhase;
			buildActionMask = 2147483647;
			files = (
				F17C4C2E7AECBA1D382FB12B /* Pods_Jibjib.framework in Frameworks */,
			);
			runOnlyForDeploymentPostprocessing = 0;
		};
		CB2F83B71CD352A400A882E6 /* Frameworks */ = {
			isa = PBXFrameworksBuildPhase;
			buildActionMask = 2147483647;
			files = (
				18F0AEDA8CC12F5CEF440AE8 /* Pods_JibjibTests.framework in Frameworks */,
			);
			runOnlyForDeploymentPostprocessing = 0;
		};
		CB2F83C21CD352A400A882E6 /* Frameworks */ = {
			isa = PBXFrameworksBuildPhase;
			buildActionMask = 2147483647;
			files = (
				E3921BBDAAF3F1550BDAB262 /* Pods_JibjibUITests.framework in Frameworks */,
			);
			runOnlyForDeploymentPostprocessing = 0;
		};
/* End PBXFrameworksBuildPhase section */

/* Begin PBXGroup section */
		11A421D3CAC062531C4374C7 /* Pods */ = {
			isa = PBXGroup;
			children = (
				DC5867D0874E1438168EA121 /* Pods-Jibjib.debug.xcconfig */,
				D652113C993958EA117E5726 /* Pods-Jibjib.release.xcconfig */,
				97340F6C147D66C0A66CE74A /* Pods-JibjibTests.debug.xcconfig */,
				B6EF8960ECC6489718665DDC /* Pods-JibjibTests.release.xcconfig */,
				AB3DC1B9A482A680A19648C4 /* Pods-JibjibUITests.debug.xcconfig */,
				38071E747BE6D3A331AF0081 /* Pods-JibjibUITests.release.xcconfig */,
			);
			name = Pods;
			sourceTree = "<group>";
		};
		32F440E53E0FAB7D9E26DE81 /* Frameworks */ = {
			isa = PBXGroup;
			children = (
				99F093481CE75BD300EED0D7 /* Alamofire.framework */,
				CEA20A1C1953CF40ADD85224 /* Pods_Jibjib.framework */,
				B2478102FAC52708F6503251 /* Pods_JibjibTests.framework */,
				776CBC946E70988E6174427C /* Pods_JibjibUITests.framework */,
			);
			name = Frameworks;
			sourceTree = "<group>";
		};
		99AE9E1F1CE65B9700D9F4FC /* TableViewCell */ = {
			isa = PBXGroup;
			children = (
				99AE9E2D1CE71E7500D9F4FC /* PostAnswerTableViewCell.swift */,
				99AE9E291CE71E1100D9F4FC /* HeaderTranslationTableViewCell.swift */,
				99AE9E2B1CE71E3E00D9F4FC /* AnswerTranslaTableViewCell.swift */,
				99AE9E201CE65BD600D9F4FC /* CommentProfileTableViewCell.swift */,
				99AE9E1D1CE654AF00D9F4FC /* HeaderProfileTableViewCell.swift */,
			);
			name = TableViewCell;
			sourceTree = "<group>";
		};
		99AE9E261CE7190B00D9F4FC /* ViewController */ = {
			isa = PBXGroup;
			children = (
				CB456EBA1CDC80A20021EF8A /* LoginViewController.swift */,
				CB456ED01CDC84C80021EF8A /* TabBarController.swift */,
				CB456EC61CDC827D0021EF8A /* FeedTableViewController.swift */,
				CB456EC81CDC82AA0021EF8A /* MyTopicTableViewController.swift */,
				99AE9E191CE463F300D9F4FC /* ProfileTableViewController.swift */,
				99AE9E241CE718AF00D9F4FC /* ViewTranslationTableViewController.swift */,
				99AE9E3A1CE7378000D9F4FC /* CreateTranslationViewController.swift */,
			);
			name = ViewController;
			sourceTree = "<group>";
		};
		99AE9E281CE71A3200D9F4FC /* Storyboard */ = {
			isa = PBXGroup;
			children = (
				99AE9E1B1CE4729E00D9F4FC /* TestStoryboard.storyboard */,
				CB2F83AD1CD352A400A882E6 /* Main.storyboard */,
			);
			name = Storyboard;
			sourceTree = "<group>";
		};
		99AE9E2F1CE7275000D9F4FC /* UITemplate */ = {
			isa = PBXGroup;
			children = (
				99AE9E301CE7278A00D9F4FC /* PaddingTextField.swift */,
				99AE9E361CE7346400D9F4FC /* RoundImageView.swift */,
				99AE9E341CE72E1400D9F4FC /* PaddingLabel.swift */,
				99AE9E381CE7355500D9F4FC /* RoundWhiteBorderImageView.swift */,
				99F0934A1CE83F8400EED0D7 /* BorderBottomUITextField.swift */,
			);
			name = UITemplate;
			sourceTree = "<group>";
		};
		99F0934E1CE85E6400EED0D7 /* Struct */ = {
			isa = PBXGroup;
			children = (
				99F0934C1CE8526100EED0D7 /* Question.swift */,
			);
			name = Struct;
			sourceTree = "<group>";
		};
		CB2F839B1CD352A400A882E6 = {
			isa = PBXGroup;
			children = (
				CB2F83A61CD352A400A882E6 /* Jibjib */,
				CB2F83BD1CD352A400A882E6 /* JibjibTests */,
				CB2F83C81CD352A400A882E6 /* JibjibUITests */,
				CB2F83A51CD352A400A882E6 /* Products */,
				11A421D3CAC062531C4374C7 /* Pods */,
				32F440E53E0FAB7D9E26DE81 /* Frameworks */,
			);
			sourceTree = "<group>";
		};
		CB2F83A51CD352A400A882E6 /* Products */ = {
			isa = PBXGroup;
			children = (
				CB2F83A41CD352A400A882E6 /* Jibjib.app */,
				CB2F83BA1CD352A400A882E6 /* JibjibTests.xctest */,
				CB2F83C51CD352A400A882E6 /* JibjibUITests.xctest */,
			);
			name = Products;
			sourceTree = "<group>";
		};
		CB2F83A61CD352A400A882E6 /* Jibjib */ = {
			isa = PBXGroup;
			children = (
				99F0934E1CE85E6400EED0D7 /* Struct */,
				99AE9E2F1CE7275000D9F4FC /* UITemplate */,
				99AE9E281CE71A3200D9F4FC /* Storyboard */,
				99AE9E261CE7190B00D9F4FC /* ViewController */,
				99AE9E1F1CE65B9700D9F4FC /* TableViewCell */,
				CB2F83B01CD352A400A882E6 /* Assets.xcassets */,
				CB2F83A71CD352A400A882E6 /* AppDelegate.swift */,
				CB2F83B21CD352A400A882E6 /* LaunchScreen.storyboard */,
				CB2F83B51CD352A400A882E6 /* Info.plist */,
			);
			path = Jibjib;
			sourceTree = "<group>";
		};
		CB2F83BD1CD352A400A882E6 /* JibjibTests */ = {
			isa = PBXGroup;
			children = (
				CB2F83BE1CD352A400A882E6 /* JibjibTests.swift */,
				CB2F83C01CD352A400A882E6 /* Info.plist */,
			);
			path = JibjibTests;
			sourceTree = "<group>";
		};
		CB2F83C81CD352A400A882E6 /* JibjibUITests */ = {
			isa = PBXGroup;
			children = (
				CB2F83C91CD352A400A882E6 /* JibjibUITests.swift */,
				CB2F83CB1CD352A400A882E6 /* Info.plist */,
			);
			path = JibjibUITests;
			sourceTree = "<group>";
		};
/* End PBXGroup section */

/* Begin PBXNativeTarget section */
		CB2F83A31CD352A400A882E6 /* Jibjib */ = {
			isa = PBXNativeTarget;
			buildConfigurationList = CB2F83CE1CD352A400A882E6 /* Build configuration list for PBXNativeTarget "Jibjib" */;
			buildPhases = (
				6DA860BFCFCBF3E14D462856 /* 📦 Check Pods Manifest.lock */,
				CB2F83A01CD352A400A882E6 /* Sources */,
				CB2F83A11CD352A400A882E6 /* Frameworks */,
				CB2F83A21CD352A400A882E6 /* Resources */,
				5960B8ABBB239B52FE1705C0 /* 📦 Embed Pods Frameworks */,
				B0DDFA234D0B4170E7B555A3 /* 📦 Copy Pods Resources */,
			);
			buildRules = (
			);
			dependencies = (
			);
			name = Jibjib;
			productName = Jibjib;
			productReference = CB2F83A41CD352A400A882E6 /* Jibjib.app */;
			productType = "com.apple.product-type.application";
		};
		CB2F83B91CD352A400A882E6 /* JibjibTests */ = {
			isa = PBXNativeTarget;
			buildConfigurationList = CB2F83D11CD352A400A882E6 /* Build configuration list for PBXNativeTarget "JibjibTests" */;
			buildPhases = (
				CA401C8CBAEDBB69117CD253 /* 📦 Check Pods Manifest.lock */,
				CB2F83B61CD352A400A882E6 /* Sources */,
				CB2F83B71CD352A400A882E6 /* Frameworks */,
				CB2F83B81CD352A400A882E6 /* Resources */,
				D1A2DD28221B20501CA86611 /* 📦 Embed Pods Frameworks */,
				80BF7731FA62D6DBD4F87CB5 /* 📦 Copy Pods Resources */,
			);
			buildRules = (
			);
			dependencies = (
				CB2F83BC1CD352A400A882E6 /* PBXTargetDependency */,
			);
			name = JibjibTests;
			productName = JibjibTests;
			productReference = CB2F83BA1CD352A400A882E6 /* JibjibTests.xctest */;
			productType = "com.apple.product-type.bundle.unit-test";
		};
		CB2F83C41CD352A400A882E6 /* JibjibUITests */ = {
			isa = PBXNativeTarget;
			buildConfigurationList = CB2F83D41CD352A400A882E6 /* Build configuration list for PBXNativeTarget "JibjibUITests" */;
			buildPhases = (
				5756C2546C33F182AEED4194 /* 📦 Check Pods Manifest.lock */,
				CB2F83C11CD352A400A882E6 /* Sources */,
				CB2F83C21CD352A400A882E6 /* Frameworks */,
				CB2F83C31CD352A400A882E6 /* Resources */,
				BB3DDEBB2FCD246E3A6B393C /* 📦 Copy Pods Resources */,
			);
			buildRules = (
			);
			dependencies = (
				CB2F83C71CD352A400A882E6 /* PBXTargetDependency */,
			);
			name = JibjibUITests;
			productName = JibjibUITests;
			productReference = CB2F83C51CD352A400A882E6 /* JibjibUITests.xctest */;
			productType = "com.apple.product-type.bundle.ui-testing";
		};
/* End PBXNativeTarget section */

/* Begin PBXProject section */
		CB2F839C1CD352A400A882E6 /* Project object */ = {
			isa = PBXProject;
			attributes = {
				LastSwiftUpdateCheck = 0720;
				LastUpgradeCheck = 0720;
				ORGANIZATIONNAME = "Chulalongkorn University";
				TargetAttributes = {
					CB2F83A31CD352A400A882E6 = {
						CreatedOnToolsVersion = 7.2.1;
					};
					CB2F83B91CD352A400A882E6 = {
						CreatedOnToolsVersion = 7.2.1;
						TestTargetID = CB2F83A31CD352A400A882E6;
					};
					CB2F83C41CD352A400A882E6 = {
						CreatedOnToolsVersion = 7.2.1;
						TestTargetID = CB2F83A31CD352A400A882E6;
					};
				};
			};
			buildConfigurationList = CB2F839F1CD352A400A882E6 /* Build configuration list for PBXProject "Jibjib" */;
			compatibilityVersion = "Xcode 3.2";
			developmentRegion = English;
			hasScannedForEncodings = 0;
			knownRegions = (
				en,
				Base,
			);
			mainGroup = CB2F839B1CD352A400A882E6;
			productRefGroup = CB2F83A51CD352A400A882E6 /* Products */;
			projectDirPath = "";
			projectRoot = "";
			targets = (
				CB2F83A31CD352A400A882E6 /* Jibjib */,
				CB2F83B91CD352A400A882E6 /* JibjibTests */,
				CB2F83C41CD352A400A882E6 /* JibjibUITests */,
			);
		};
/* End PBXProject section */

/* Begin PBXResourcesBuildPhase section */
		CB2F83A21CD352A400A882E6 /* Resources */ = {
			isa = PBXResourcesBuildPhase;
			buildActionMask = 2147483647;
			files = (
				CB2F83B41CD352A400A882E6 /* LaunchScreen.storyboard in Resources */,
				99AE9E1C1CE4729E00D9F4FC /* TestStoryboard.storyboard in Resources */,
				CB2F83B11CD352A400A882E6 /* Assets.xcassets in Resources */,
				CB2F83AF1CD352A400A882E6 /* Main.storyboard in Resources */,
			);
			runOnlyForDeploymentPostprocessing = 0;
		};
		CB2F83B81CD352A400A882E6 /* Resources */ = {
			isa = PBXResourcesBuildPhase;
			buildActionMask = 2147483647;
			files = (
			);
			runOnlyForDeploymentPostprocessing = 0;
		};
		CB2F83C31CD352A400A882E6 /* Resources */ = {
			isa = PBXResourcesBuildPhase;
			buildActionMask = 2147483647;
			files = (
			);
			runOnlyForDeploymentPostprocessing = 0;
		};
/* End PBXResourcesBuildPhase section */

/* Begin PBXShellScriptBuildPhase section */
		5756C2546C33F182AEED4194 /* 📦 Check Pods Manifest.lock */ = {
			isa = PBXShellScriptBuildPhase;
			buildActionMask = 2147483647;
			files = (
			);
			inputPaths = (
			);
			name = "📦 Check Pods Manifest.lock";
			outputPaths = (
			);
			runOnlyForDeploymentPostprocessing = 0;
			shellPath = /bin/sh;
			shellScript = "diff \"${PODS_ROOT}/../Podfile.lock\" \"${PODS_ROOT}/Manifest.lock\" > /dev/null\nif [[ $? != 0 ]] ; then\n    cat << EOM\nerror: The sandbox is not in sync with the Podfile.lock. Run 'pod install' or update your CocoaPods installation.\nEOM\n    exit 1\nfi\n";
			showEnvVarsInLog = 0;
		};
		5960B8ABBB239B52FE1705C0 /* 📦 Embed Pods Frameworks */ = {
			isa = PBXShellScriptBuildPhase;
			buildActionMask = 2147483647;
			files = (
			);
			inputPaths = (
			);
			name = "📦 Embed Pods Frameworks";
			outputPaths = (
			);
			runOnlyForDeploymentPostprocessing = 0;
			shellPath = /bin/sh;
			shellScript = "\"${SRCROOT}/Pods/Target Support Files/Pods-Jibjib/Pods-Jibjib-frameworks.sh\"\n";
			showEnvVarsInLog = 0;
		};
		6DA860BFCFCBF3E14D462856 /* 📦 Check Pods Manifest.lock */ = {
			isa = PBXShellScriptBuildPhase;
			buildActionMask = 2147483647;
			files = (
			);
			inputPaths = (
			);
			name = "📦 Check Pods Manifest.lock";
			outputPaths = (
			);
			runOnlyForDeploymentPostprocessing = 0;
			shellPath = /bin/sh;
			shellScript = "diff \"${PODS_ROOT}/../Podfile.lock\" \"${PODS_ROOT}/Manifest.lock\" > /dev/null\nif [[ $? != 0 ]] ; then\n    cat << EOM\nerror: The sandbox is not in sync with the Podfile.lock. Run 'pod install' or update your CocoaPods installation.\nEOM\n    exit 1\nfi\n";
			showEnvVarsInLog = 0;
		};
		80BF7731FA62D6DBD4F87CB5 /* 📦 Copy Pods Resources */ = {
			isa = PBXShellScriptBuildPhase;
			buildActionMask = 2147483647;
			files = (
			);
			inputPaths = (
			);
			name = "📦 Copy Pods Resources";
			outputPaths = (
			);
			runOnlyForDeploymentPostprocessing = 0;
			shellPath = /bin/sh;
			shellScript = "\"${SRCROOT}/Pods/Target Support Files/Pods-JibjibTests/Pods-JibjibTests-resources.sh\"\n";
			showEnvVarsInLog = 0;
		};
		B0DDFA234D0B4170E7B555A3 /* 📦 Copy Pods Resources */ = {
			isa = PBXShellScriptBuildPhase;
			buildActionMask = 2147483647;
			files = (
			);
			inputPaths = (
			);
			name = "📦 Copy Pods Resources";
			outputPaths = (
			);
			runOnlyForDeploymentPostprocessing = 0;
			shellPath = /bin/sh;
			shellScript = "\"${SRCROOT}/Pods/Target Support Files/Pods-Jibjib/Pods-Jibjib-resources.sh\"\n";
			showEnvVarsInLog = 0;
		};
		BB3DDEBB2FCD246E3A6B393C /* 📦 Copy Pods Resources */ = {
			isa = PBXShellScriptBuildPhase;
			buildActionMask = 2147483647;
			files = (
			);
			inputPaths = (
			);
			name = "📦 Copy Pods Resources";
			outputPaths = (
			);
			runOnlyForDeploymentPostprocessing = 0;
			shellPath = /bin/sh;
			shellScript = "\"${SRCROOT}/Pods/Target Support Files/Pods-JibjibUITests/Pods-JibjibUITests-resources.sh\"\n";
			showEnvVarsInLog = 0;
		};
		CA401C8CBAEDBB69117CD253 /* 📦 Check Pods Manifest.lock */ = {
			isa = PBXShellScriptBuildPhase;
			buildActionMask = 2147483647;
			files = (
			);
			inputPaths = (
			);
			name = "📦 Check Pods Manifest.lock";
			outputPaths = (
			);
			runOnlyForDeploymentPostprocessing = 0;
			shellPath = /bin/sh;
			shellScript = "diff \"${PODS_ROOT}/../Podfile.lock\" \"${PODS_ROOT}/Manifest.lock\" > /dev/null\nif [[ $? != 0 ]] ; then\n    cat << EOM\nerror: The sandbox is not in sync with the Podfile.lock. Run 'pod install' or update your CocoaPods installation.\nEOM\n    exit 1\nfi\n";
			showEnvVarsInLog = 0;
		};
		D1A2DD28221B20501CA86611 /* 📦 Embed Pods Frameworks */ = {
			isa = PBXShellScriptBuildPhase;
			buildActionMask = 2147483647;
			files = (
			);
			inputPaths = (
			);
			name = "📦 Embed Pods Frameworks";
			outputPaths = (
			);
			runOnlyForDeploymentPostprocessing = 0;
			shellPath = /bin/sh;
			shellScript = "\"${SRCROOT}/Pods/Target Support Files/Pods-JibjibTests/Pods-JibjibTests-frameworks.sh\"\n";
			showEnvVarsInLog = 0;
		};
/* End PBXShellScriptBuildPhase section */

/* Begin PBXSourcesBuildPhase section */
		CB2F83A01CD352A400A882E6 /* Sources */ = {
			isa = PBXSourcesBuildPhase;
			buildActionMask = 2147483647;
			files = (
				99AE9E1E1CE654AF00D9F4FC /* HeaderProfileTableViewCell.swift in Sources */,
				99AE9E311CE7278A00D9F4FC /* PaddingTextField.swift in Sources */,
				99AE9E2E1CE71E7500D9F4FC /* PostAnswerTableViewCell.swift in Sources */,
				99AE9E251CE718AF00D9F4FC /* ViewTranslationTableViewController.swift in Sources */,
				99AE9E2A1CE71E1100D9F4FC /* HeaderTranslationTableViewCell.swift in Sources */,
				99AE9E371CE7346400D9F4FC /* RoundImageView.swift in Sources */,
				99AE9E2C1CE71E3E00D9F4FC /* AnswerTranslaTableViewCell.swift in Sources */,
				CB456EBB1CDC80A20021EF8A /* LoginViewController.swift in Sources */,
				CB2F83A81CD352A400A882E6 /* AppDelegate.swift in Sources */,
				99AE9E351CE72E1400D9F4FC /* PaddingLabel.swift in Sources */,
				CB456ED11CDC84C80021EF8A /* TabBarController.swift in Sources */,
				CB456EC91CDC82AA0021EF8A /* MyTopicTableViewController.swift in Sources */,
				99F0934B1CE83F8400EED0D7 /* BorderBottomUITextField.swift in Sources */,
				99F0934D1CE8526200EED0D7 /* Question.swift in Sources */,
				99AE9E1A1CE463F300D9F4FC /* ProfileTableViewController.swift in Sources */,
				CB456EC71CDC827D0021EF8A /* FeedTableViewController.swift in Sources */,
				99AE9E211CE65BD600D9F4FC /* CommentProfileTableViewCell.swift in Sources */,
				99AE9E3B1CE7378100D9F4FC /* CreateTranslationViewController.swift in Sources */,
				99AE9E391CE7355500D9F4FC /* RoundWhiteBorderImageView.swift in Sources */,
			);
			runOnlyForDeploymentPostprocessing = 0;
		};
		CB2F83B61CD352A400A882E6 /* Sources */ = {
			isa = PBXSourcesBuildPhase;
			buildActionMask = 2147483647;
			files = (
				CB2F83BF1CD352A400A882E6 /* JibjibTests.swift in Sources */,
			);
			runOnlyForDeploymentPostprocessing = 0;
		};
		CB2F83C11CD352A400A882E6 /* Sources */ = {
			isa = PBXSourcesBuildPhase;
			buildActionMask = 2147483647;
			files = (
				CB2F83CA1CD352A400A882E6 /* JibjibUITests.swift in Sources */,
			);
			runOnlyForDeploymentPostprocessing = 0;
		};
/* End PBXSourcesBuildPhase section */

/* Begin PBXTargetDependency section */
		CB2F83BC1CD352A400A882E6 /* PBXTargetDependency */ = {
			isa = PBXTargetDependency;
			target = CB2F83A31CD352A400A882E6 /* Jibjib */;
			targetProxy = CB2F83BB1CD352A400A882E6 /* PBXContainerItemProxy */;
		};
		CB2F83C71CD352A400A882E6 /* PBXTargetDependency */ = {
			isa = PBXTargetDependency;
			target = CB2F83A31CD352A400A882E6 /* Jibjib */;
			targetProxy = CB2F83C61CD352A400A882E6 /* PBXContainerItemProxy */;
		};
/* End PBXTargetDependency section */

/* Begin PBXVariantGroup section */
		CB2F83AD1CD352A400A882E6 /* Main.storyboard */ = {
			isa = PBXVariantGroup;
			children = (
				CB2F83AE1CD352A400A882E6 /* Base */,
			);
			name = Main.storyboard;
			sourceTree = "<group>";
		};
		CB2F83B21CD352A400A882E6 /* LaunchScreen.storyboard */ = {
			isa = PBXVariantGroup;
			children = (
				CB2F83B31CD352A400A882E6 /* Base */,
			);
			name = LaunchScreen.storyboard;
			sourceTree = "<group>";
		};
/* End PBXVariantGroup section */

/* Begin XCBuildConfiguration section */
		CB2F83CC1CD352A400A882E6 /* Debug */ = {
			isa = XCBuildConfiguration;
			buildSettings = {
				ALWAYS_SEARCH_USER_PATHS = NO;
				CLANG_CXX_LANGUAGE_STANDARD = "gnu++0x";
				CLANG_CXX_LIBRARY = "libc++";
				CLANG_ENABLE_MODULES = YES;
				CLANG_ENABLE_OBJC_ARC = YES;
				CLANG_WARN_BOOL_CONVERSION = YES;
				CLANG_WARN_CONSTANT_CONVERSION = YES;
				CLANG_WARN_DIRECT_OBJC_ISA_USAGE = YES_ERROR;
				CLANG_WARN_EMPTY_BODY = YES;
				CLANG_WARN_ENUM_CONVERSION = YES;
				CLANG_WARN_INT_CONVERSION = YES;
				CLANG_WARN_OBJC_ROOT_CLASS = YES_ERROR;
				CLANG_WARN_UNREACHABLE_CODE = YES;
				CLANG_WARN__DUPLICATE_METHOD_MATCH = YES;
				"CODE_SIGN_IDENTITY[sdk=iphoneos*]" = "iPhone Developer";
				COPY_PHASE_STRIP = NO;
				DEBUG_INFORMATION_FORMAT = dwarf;
				ENABLE_STRICT_OBJC_MSGSEND = YES;
				ENABLE_TESTABILITY = YES;
				GCC_C_LANGUAGE_STANDARD = gnu99;
				GCC_DYNAMIC_NO_PIC = NO;
				GCC_NO_COMMON_BLOCKS = YES;
				GCC_OPTIMIZATION_LEVEL = 0;
				GCC_PREPROCESSOR_DEFINITIONS = (
					"DEBUG=1",
					"$(inherited)",
				);
				GCC_WARN_64_TO_32_BIT_CONVERSION = YES;
				GCC_WARN_ABOUT_RETURN_TYPE = YES_ERROR;
				GCC_WARN_UNDECLARED_SELECTOR = YES;
				GCC_WARN_UNINITIALIZED_AUTOS = YES_AGGRESSIVE;
				GCC_WARN_UNUSED_FUNCTION = YES;
				GCC_WARN_UNUSED_VARIABLE = YES;
				IPHONEOS_DEPLOYMENT_TARGET = 9.2;
				MTL_ENABLE_DEBUG_INFO = YES;
				ONLY_ACTIVE_ARCH = YES;
				SDKROOT = iphoneos;
				SWIFT_OPTIMIZATION_LEVEL = "-Onone";
			};
			name = Debug;
		};
		CB2F83CD1CD352A400A882E6 /* Release */ = {
			isa = XCBuildConfiguration;
			buildSettings = {
				ALWAYS_SEARCH_USER_PATHS = NO;
				CLANG_CXX_LANGUAGE_STANDARD = "gnu++0x";
				CLANG_CXX_LIBRARY = "libc++";
				CLANG_ENABLE_MODULES = YES;
				CLANG_ENABLE_OBJC_ARC = YES;
				CLANG_WARN_BOOL_CONVERSION = YES;
				CLANG_WARN_CONSTANT_CONVERSION = YES;
				CLANG_WARN_DIRECT_OBJC_ISA_USAGE = YES_ERROR;
				CLANG_WARN_EMPTY_BODY = YES;
				CLANG_WARN_ENUM_CONVERSION = YES;
				CLANG_WARN_INT_CONVERSION = YES;
				CLANG_WARN_OBJC_ROOT_CLASS = YES_ERROR;
				CLANG_WARN_UNREACHABLE_CODE = YES;
				CLANG_WARN__DUPLICATE_METHOD_MATCH = YES;
				"CODE_SIGN_IDENTITY[sdk=iphoneos*]" = "iPhone Developer";
				COPY_PHASE_STRIP = NO;
				DEBUG_INFORMATION_FORMAT = "dwarf-with-dsym";
				ENABLE_NS_ASSERTIONS = NO;
				ENABLE_STRICT_OBJC_MSGSEND = YES;
				GCC_C_LANGUAGE_STANDARD = gnu99;
				GCC_NO_COMMON_BLOCKS = YES;
				GCC_WARN_64_TO_32_BIT_CONVERSION = YES;
				GCC_WARN_ABOUT_RETURN_TYPE = YES_ERROR;
				GCC_WARN_UNDECLARED_SELECTOR = YES;
				GCC_WARN_UNINITIALIZED_AUTOS = YES_AGGRESSIVE;
				GCC_WARN_UNUSED_FUNCTION = YES;
				GCC_WARN_UNUSED_VARIABLE = YES;
				IPHONEOS_DEPLOYMENT_TARGET = 9.2;
				MTL_ENABLE_DEBUG_INFO = NO;
				SDKROOT = iphoneos;
				VALIDATE_PRODUCT = YES;
			};
			name = Release;
		};
		CB2F83CF1CD352A400A882E6 /* Debug */ = {
			isa = XCBuildConfiguration;
			baseConfigurationReference = DC5867D0874E1438168EA121 /* Pods-Jibjib.debug.xcconfig */;
			buildSettings = {
				ASSETCATALOG_COMPILER_APPICON_NAME = AppIcon;
				FRAMEWORK_SEARCH_PATHS = (
					"$(inherited)",
					"$(PROJECT_DIR)/build/Debug-iphoneos/Alamofire",
				);
				INFOPLIST_FILE = Jibjib/Info.plist;
				LD_RUNPATH_SEARCH_PATHS = "$(inherited) @executable_path/Frameworks";
				PRODUCT_BUNDLE_IDENTIFIER = th.ac.chula.Jibjib;
				PRODUCT_NAME = "$(TARGET_NAME)";
			};
			name = Debug;
		};
		CB2F83D01CD352A400A882E6 /* Release */ = {
			isa = XCBuildConfiguration;
			baseConfigurationReference = D652113C993958EA117E5726 /* Pods-Jibjib.release.xcconfig */;
			buildSettings = {
				ASSETCATALOG_COMPILER_APPICON_NAME = AppIcon;
				FRAMEWORK_SEARCH_PATHS = (
					"$(inherited)",
					"$(PROJECT_DIR)/build/Debug-iphoneos/Alamofire",
				);
				INFOPLIST_FILE = Jibjib/Info.plist;
				LD_RUNPATH_SEARCH_PATHS = "$(inherited) @executable_path/Frameworks";
				PRODUCT_BUNDLE_IDENTIFIER = th.ac.chula.Jibjib;
				PRODUCT_NAME = "$(TARGET_NAME)";
			};
			name = Release;
		};
		CB2F83D21CD352A400A882E6 /* Debug */ = {
			isa = XCBuildConfiguration;
			baseConfigurationReference = 97340F6C147D66C0A66CE74A /* Pods-JibjibTests.debug.xcconfig */;
			buildSettings = {
				BUNDLE_LOADER = "$(TEST_HOST)";
				INFOPLIST_FILE = JibjibTests/Info.plist;
				LD_RUNPATH_SEARCH_PATHS = "$(inherited) @executable_path/Frameworks @loader_path/Frameworks";
				PRODUCT_BUNDLE_IDENTIFIER = th.ac.chula.JibjibTests;
				PRODUCT_NAME = "$(TARGET_NAME)";
				TEST_HOST = "$(BUILT_PRODUCTS_DIR)/Jibjib.app/Jibjib";
			};
			name = Debug;
		};
		CB2F83D31CD352A400A882E6 /* Release */ = {
			isa = XCBuildConfiguration;
			baseConfigurationReference = B6EF8960ECC6489718665DDC /* Pods-JibjibTests.release.xcconfig */;
			buildSettings = {
				BUNDLE_LOADER = "$(TEST_HOST)";
				INFOPLIST_FILE = JibjibTests/Info.plist;
				LD_RUNPATH_SEARCH_PATHS = "$(inherited) @executable_path/Frameworks @loader_path/Frameworks";
				PRODUCT_BUNDLE_IDENTIFIER = th.ac.chula.JibjibTests;
				PRODUCT_NAME = "$(TARGET_NAME)";
				TEST_HOST = "$(BUILT_PRODUCTS_DIR)/Jibjib.app/Jibjib";
			};
			name = Release;
		};
		CB2F83D51CD352A400A882E6 /* Debug */ = {
			isa = XCBuildConfiguration;
			baseConfigurationReference = AB3DC1B9A482A680A19648C4 /* Pods-JibjibUITests.debug.xcconfig */;
			buildSettings = {
				INFOPLIST_FILE = JibjibUITests/Info.plist;
				LD_RUNPATH_SEARCH_PATHS = "$(inherited) @executable_path/Frameworks @loader_path/Frameworks";
				PRODUCT_BUNDLE_IDENTIFIER = th.ac.chula.JibjibUITests;
				PRODUCT_NAME = "$(TARGET_NAME)";
				TEST_TARGET_NAME = Jibjib;
				USES_XCTRUNNER = YES;
			};
			name = Debug;
		};
		CB2F83D61CD352A400A882E6 /* Release */ = {
			isa = XCBuildConfiguration;
			baseConfigurationReference = 38071E747BE6D3A331AF0081 /* Pods-JibjibUITests.release.xcconfig */;
			buildSettings = {
				INFOPLIST_FILE = JibjibUITests/Info.plist;
				LD_RUNPATH_SEARCH_PATHS = "$(inherited) @executable_path/Frameworks @loader_path/Frameworks";
				PRODUCT_BUNDLE_IDENTIFIER = th.ac.chula.JibjibUITests;
				PRODUCT_NAME = "$(TARGET_NAME)";
				TEST_TARGET_NAME = Jibjib;
				USES_XCTRUNNER = YES;
			};
			name = Release;
		};
/* End XCBuildConfiguration section */

/* Begin XCConfigurationList section */
		CB2F839F1CD352A400A882E6 /* Build configuration list for PBXProject "Jibjib" */ = {
			isa = XCConfigurationList;
			buildConfigurations = (
				CB2F83CC1CD352A400A882E6 /* Debug */,
				CB2F83CD1CD352A400A882E6 /* Release */,
			);
			defaultConfigurationIsVisible = 0;
			defaultConfigurationName = Release;
		};
		CB2F83CE1CD352A400A882E6 /* Build configuration list for PBXNativeTarget "Jibjib" */ = {
			isa = XCConfigurationList;
			buildConfigurations = (
				CB2F83CF1CD352A400A882E6 /* Debug */,
				CB2F83D01CD352A400A882E6 /* Release */,
			);
			defaultConfigurationIsVisible = 0;
			defaultConfigurationName = Release;
		};
		CB2F83D11CD352A400A882E6 /* Build configuration list for PBXNativeTarget "JibjibTests" */ = {
			isa = XCConfigurationList;
			buildConfigurations = (
				CB2F83D21CD352A400A882E6 /* Debug */,
				CB2F83D31CD352A400A882E6 /* Release */,
			);
			defaultConfigurationIsVisible = 0;
			defaultConfigurationName = Release;
		};
		CB2F83D41CD352A400A882E6 /* Build configuration list for PBXNativeTarget "JibjibUITests" */ = {
			isa = XCConfigurationList;
			buildConfigurations = (
				CB2F83D51CD352A400A882E6 /* Debug */,
				CB2F83D61CD352A400A882E6 /* Release */,
			);
			defaultConfigurationIsVisible = 0;
			defaultConfigurationName = Release;
		};
/* End XCConfigurationList section */
	};
	rootObject = CB2F839C1CD352A400A882E6 /* Project object */;
}
